
Microsoft Visual Studio Solution File, Format Version 12.00
# Visual Studio Version 17
VisualStudioVersion = 17.3.32825.248
MinimumVisualStudioVersion = 10.0.40219.1
Project("{FAE04EC0-301F-11D3-BF4B-00C04F79EFBC}") = "Euphoria", "Euphoria.csproj", "{40167C6D-0CBF-40D6-940B-8EEF0C38F889}"
EndProject
Global
	GlobalSection(SolutionConfigurationPlatforms) = preSolution
		Debug|Any CPU = Debug|Any CPU
		Release|Any CPU = Release|Any CPU
	EndGlobalSection
	GlobalSection(ProjectConfigurationPlatforms) = postSolution
		{40167C6D-0CBF-40D6-940B-8EEF0C38F889}.Debug|Any CPU.ActiveCfg = Debug|Any CPU
		{40167C6D-0CBF-40D6-940B-8EEF0C38F889}.Debug|Any CPU.Build.0 = Debug|Any CPU
		{40167C6D-0CBF-40D6-940B-8EEF0C38F889}.Release|Any CPU.ActiveCfg = Release|Any CPU
		{40167C6D-0CBF-40D6-940B-8EEF0C38F889}.Release|Any CPU.Build.0 = Release|Any CPU
	EndGlobalSection
	GlobalSection(SolutionProperties) = preSolution
		HideSolutionNode = FALSE
	EndGlobalSection
	GlobalSection(ExtensibilityGlobals) = postSolution
		SolutionGuid = {C816F34D-A904-4414-A037-F0D6B121F3AE}
	EndGlobalSection
EndGlobal
